
Microsoft Visual Studio Solution File, Format Version 11.00
# Visual Studio 2010
Project("{8BC9CEB8-8B4A-11D0-8D11-00A0C91BC942}") = "LicensePlateRecognitionModule", "LicensePlateRecognitionModule\LicensePlateRecognitionModule.vcxproj", "{735AC961-FC3F-4717-A479-ADC857AA6C96}"
EndProject
Project("{8BC9CEB8-8B4A-11D0-8D11-00A0C91BC942}") = "LicensePlateDetectionModule", "LicensePlateDetectionModule\LicensePlateDetectionModule.vcxproj", "{F8089594-EB9D-45E1-8004-3058CC0D8702}"
EndProject
Project("{8BC9CEB8-8B4A-11D0-8D11-00A0C91BC942}") = "ParkingLotFrameLineDetectionModule", "ParkingLotFrameLineDetectionModule\ParkingLotFrameLineDetectionModule.vcxproj", "{58F0787F-071D-4FDB-A8D9-01A66619DA1D}"
EndProject
Project("{8BC9CEB8-8B4A-11D0-8D11-00A0C91BC942}") = "CarRearDetectionModule", "CarRearDetectionModule\CarRearDetectionModule.vcxproj", "{ECC4BE2A-6484-4D17-8518-448FF634DA2C}"
EndProject
Project("{8BC9CEB8-8B4A-11D0-8D11-00A0C91BC942}") = "InteroperatingLibrary", "InteroperatingLibrary\InteroperatingLibrary.vcxproj", "{C0C82CF8-7648-4377-9CA4-CA06BA421FC3}"
EndProject
Project("{8BC9CEB8-8B4A-11D0-8D11-00A0C91BC942}") = "ParkingTrackingSystem", "ParkingTrackingSystem\ParkingTrackingSystem.vcxproj", "{CB865443-7DD7-43E9-9ABB-4D9511FA3954}"
EndProject
Global
	GlobalSection(SolutionConfigurationPlatforms) = preSolution
		Debug|Win32 = Debug|Win32
		Release|Win32 = Release|Win32
	EndGlobalSection
	GlobalSection(ProjectConfigurationPlatforms) = postSolution
		{735AC961-FC3F-4717-A479-ADC857AA6C96}.Debug|Win32.ActiveCfg = Debug|Win32
		{735AC961-FC3F-4717-A479-ADC857AA6C96}.Debug|Win32.Build.0 = Debug|Win32
		{735AC961-FC3F-4717-A479-ADC857AA6C96}.Release|Win32.ActiveCfg = Release|Win32
		{735AC961-FC3F-4717-A479-ADC857AA6C96}.Release|Win32.Build.0 = Release|Win32
		{F8089594-EB9D-45E1-8004-3058CC0D8702}.Debug|Win32.ActiveCfg = Debug|Win32
		{F8089594-EB9D-45E1-8004-3058CC0D8702}.Debug|Win32.Build.0 = Debug|Win32
		{F8089594-EB9D-45E1-8004-3058CC0D8702}.Release|Win32.ActiveCfg = Release|Win32
		{F8089594-EB9D-45E1-8004-3058CC0D8702}.Release|Win32.Build.0 = Release|Win32
		{58F0787F-071D-4FDB-A8D9-01A66619DA1D}.Debug|Win32.ActiveCfg = Debug|Win32
		{58F0787F-071D-4FDB-A8D9-01A66619DA1D}.Debug|Win32.Build.0 = Debug|Win32
		{58F0787F-071D-4FDB-A8D9-01A66619DA1D}.Release|Win32.ActiveCfg = Release|Win32
		{58F0787F-071D-4FDB-A8D9-01A66619DA1D}.Release|Win32.Build.0 = Release|Win32
		{ECC4BE2A-6484-4D17-8518-448FF634DA2C}.Debug|Win32.ActiveCfg = Debug|Win32
		{ECC4BE2A-6484-4D17-8518-448FF634DA2C}.Debug|Win32.Build.0 = Debug|Win32
		{ECC4BE2A-6484-4D17-8518-448FF634DA2C}.Release|Win32.ActiveCfg = Release|Win32
		{ECC4BE2A-6484-4D17-8518-448FF634DA2C}.Release|Win32.Build.0 = Release|Win32
		{C0C82CF8-7648-4377-9CA4-CA06BA421FC3}.Debug|Win32.ActiveCfg = Debug|Win32
		{C0C82CF8-7648-4377-9CA4-CA06BA421FC3}.Debug|Win32.Build.0 = Debug|Win32
		{C0C82CF8-7648-4377-9CA4-CA06BA421FC3}.Release|Win32.ActiveCfg = Release|Win32
		{C0C82CF8-7648-4377-9CA4-CA06BA421FC3}.Release|Win32.Build.0 = Release|Win32
		{CB865443-7DD7-43E9-9ABB-4D9511FA3954}.Debug|Win32.ActiveCfg = Debug|Win32
		{CB865443-7DD7-43E9-9ABB-4D9511FA3954}.Debug|Win32.Build.0 = Debug|Win32
		{CB865443-7DD7-43E9-9ABB-4D9511FA3954}.Release|Win32.ActiveCfg = Release|Win32
		{CB865443-7DD7-43E9-9ABB-4D9511FA3954}.Release|Win32.Build.0 = Release|Win32
	EndGlobalSection
	GlobalSection(SolutionProperties) = preSolution
		HideSolutionNode = FALSE
	EndGlobalSection
EndGlobal
